
Microsoft Visual Studio Solution File, Format Version 12.00
# Visual Studio Version 16
VisualStudioVersion = 16.0.31829.152
MinimumVisualStudioVersion = 10.0.40219.1
Project("{FAE04EC0-301F-11D3-BF4B-00C04F79EFBC}") = "FormulaDefinition", "FormulaDefinition.csproj", "{A13EA51C-7FA9-4E03-BC30-63B99D7E4A96}"
EndProject
Project("{FAE04EC0-301F-11D3-BF4B-00C04F79EFBC}") = "UnitTests", "UnitTests\UnitTests.csproj", "{43730057-84B6-4E6C-9F97-23A5C3885E9C}"
EndProject
Global
	GlobalSection(SolutionConfigurationPlatforms) = preSolution
		Debug|Any CPU = Debug|Any CPU
		Release|Any CPU = Release|Any CPU
	EndGlobalSection
	GlobalSection(ProjectConfigurationPlatforms) = postSolution
		{A13EA51C-7FA9-4E03-BC30-63B99D7E4A96}.Debug|Any CPU.ActiveCfg = Debug|Any CPU
		{A13EA51C-7FA9-4E03-BC30-63B99D7E4A96}.Debug|Any CPU.Build.0 = Debug|Any CPU
		{A13EA51C-7FA9-4E03-BC30-63B99D7E4A96}.Release|Any CPU.ActiveCfg = Release|Any CPU
		{A13EA51C-7FA9-4E03-BC30-63B99D7E4A96}.Release|Any CPU.Build.0 = Release|Any CPU
		{43730057-84B6-4E6C-9F97-23A5C3885E9C}.Debug|Any CPU.ActiveCfg = Debug|Any CPU
		{43730057-84B6-4E6C-9F97-23A5C3885E9C}.Debug|Any CPU.Build.0 = Debug|Any CPU
		{43730057-84B6-4E6C-9F97-23A5C3885E9C}.Release|Any CPU.ActiveCfg = Release|Any CPU
		{43730057-84B6-4E6C-9F97-23A5C3885E9C}.Release|Any CPU.Build.0 = Release|Any CPU
	EndGlobalSection
	GlobalSection(SolutionProperties) = preSolution
		HideSolutionNode = FALSE
	EndGlobalSection
	GlobalSection(ExtensibilityGlobals) = postSolution
		SolutionGuid = {D98494B3-9A5F-40CE-90D4-EAED3FE49DF0}
	EndGlobalSection
EndGlobal
